// !$*UTF8*$!
{
	archiveVersion = 1;
	classes = {
	};
	objectVersion = 46;
	objects = {

/* Begin PBXBuildFile section */
		8E6D58241FE5C7B2002164CE /* AppDelegate.swift in Sources */ = {isa = PBXBuildFile; fileRef = 8E6D58231FE5C7B2002164CE /* AppDelegate.swift */; };
		8E6D58261FE5C7B2002164CE /* ViewController.swift in Sources */ = {isa = PBXBuildFile; fileRef = 8E6D58251FE5C7B2002164CE /* ViewController.swift */; };
		8E6D58291FE5C7B2002164CE /* Main.storyboard in Resources */ = {isa = PBXBuildFile; fileRef = 8E6D58271FE5C7B2002164CE /* Main.storyboard */; };
		8E6D582B1FE5C7B2002164CE /* Assets.xcassets in Resources */ = {isa = PBXBuildFile; fileRef = 8E6D582A1FE5C7B2002164CE /* Assets.xcassets */; };
		8E6D582E1FE5C7B2002164CE /* LaunchScreen.storyboard in Resources */ = {isa = PBXBuildFile; fileRef = 8E6D582C1FE5C7B2002164CE /* LaunchScreen.storyboard */; };
/* End PBXBuildFile section */

/* Begin PBXFileReference section */
		8E6D58201FE5C7B2002164CE /* ams-shoutbox.app */ = {isa = PBXFileReference; explicitFileType = wrapper.application; includeInIndex = 0; path = "ams-shoutbox.app"; sourceTree = BUILT_PRODUCTS_DIR; };
		8E6D58231FE5C7B2002164CE /* AppDelegate.swift */ = {isa = PBXFileReference; lastKnownFileType = sourcecode.swift; path = AppDelegate.swift; sourceTree = "<group>"; };
		8E6D58251FE5C7B2002164CE /* ViewController.swift */ = {isa = PBXFileReference; lastKnownFileType = sourcecode.swift; path = ViewController.swift; sourceTree = "<group>"; };
		8E6D58281FE5C7B2002164CE /* Base */ = {isa = PBXFileReference; lastKnownFileType = file.storyboard; name = Base; path = Base.lproj/Main.storyboard; sourceTree = "<group>"; };
		8E6D582A1FE5C7B2002164CE /* Assets.xcassets */ = {isa = PBXFileReference; lastKnownFileType = folder.assetcatalog; path = Assets.xcassets; sourceTree = "<group>"; };
		8E6D582D1FE5C7B2002164CE /* Base */ = {isa = PBXFileReference; lastKnownFileType = file.storyboard; name = Base; path = Base.lproj/LaunchScreen.storyboard; sourceTree = "<group>"; };
		8E6D582F1FE5C7B2002164CE /* Info.plist */ = {isa = PBXFileReference; lastKnownFileType = text.plist.xml; path = Info.plist; sourceTree = "<group>"; };
/* End PBXFileReference section */

/* Begin PBXFrameworksBuildPhase section */
		8E6D581D1FE5C7B2002164CE /* Frameworks */ = {
			isa = PBXFrameworksBuildPhase;
			buildActionMask = 2147483647;
			files = (
			);
			runOnlyForDeploymentPostprocessing = 0;
		};
/* End PBXFrameworksBuildPhase section */

/* Begin PBXGroup section */
		8E6D58171FE5C7B2002164CE = {
			isa = PBXGroup;
			children = (
				8E6D58221FE5C7B2002164CE /* ams-shoutbox */,
				8E6D58211FE5C7B2002164CE /* Products */,
			);
			sourceTree = "<group>";
		};
		8E6D58211FE5C7B2002164CE /* Products */ = {
			isa = PBXGroup;
			children = (
				8E6D58201FE5C7B2002164CE /* ams-shoutbox.app */,
			);
			name = Products;
			sourceTree = "<group>";
		};
		8E6D58221FE5C7B2002164CE /* ams-shoutbox */ = {
			isa = PBXGroup;
			children = (
				8E6D58231FE5C7B2002164CE /* AppDelegate.swift */,
				8E6D58251FE5C7B2002164CE /* ViewController.swift */,
				8E6D58271FE5C7B2002164CE /* Main.storyboard */,
				8E6D582A1FE5C7B2002164CE /* Assets.xcassets */,
				8E6D582C1FE5C7B2002164CE /* LaunchScreen.storyboard */,
				8E6D582F1FE5C7B2002164CE /* Info.plist */,
			);
			path = "ams-shoutbox";
			sourceTree = "<group>";
		};
/* End PBXGroup section */

/* Begin PBXNativeTarget section */
		8E6D581F1FE5C7B2002164CE /* ams-shoutbox */ = {
			isa = PBXNativeTarget;
			buildConfigurationList = 8E6D58321FE5C7B2002164CE /* Build configuration list for PBXNativeTarget "ams-shoutbox" */;
			buildPhases = (
				8E6D581C1FE5C7B2002164CE /* Sources */,
				8E6D581D1FE5C7B2002164CE /* Frameworks */,
				8E6D581E1FE5C7B2002164CE /* Resources */,
			);
			buildRules = (
			);
			dependencies = (
			);
			name = "ams-shoutbox";
			productName = "ams-shoutbox";
			productReference = 8E6D58201FE5C7B2002164CE /* ams-shoutbox.app */;
			productType = "com.apple.product-type.application";
		};
/* End PBXNativeTarget section */

/* Begin PBXProject section */
		8E6D58181FE5C7B2002164CE /* Project object */ = {
			isa = PBXProject;
			attributes = {
				LastSwiftUpdateCheck = 0820;
				LastUpgradeCheck = 0820;
				ORGANIZATIONNAME = Kamil;
				TargetAttributes = {
					8E6D581F1FE5C7B2002164CE = {
						CreatedOnToolsVersion = 8.2.1;
						ProvisioningStyle = Automatic;
					};
				};
			};
			buildConfigurationList = 8E6D581B1FE5C7B2002164CE /* Build configuration list for PBXProject "ams-shoutbox" */;
			compatibilityVersion = "Xcode 3.2";
			developmentRegion = English;
			hasScannedForEncodings = 0;
			knownRegions = (
				en,
				Base,
			);
			mainGroup = 8E6D58171FE5C7B2002164CE;
			productRefGroup = 8E6D58211FE5C7B2002164CE /* Products */;
			projectDirPath = "";
			projectRoot = "";
			targets = (
				8E6D581F1FE5C7B2002164CE /* ams-shoutbox */,
			);
		};
/* End PBXProject section */

/* Begin PBXResourcesBuildPhase section */
		8E6D581E1FE5C7B2002164CE /* Resources */ = {
			isa = PBXResourcesBuildPhase;
			buildActionMask = 2147483647;
			files = (
				8E6D582E1FE5C7B2002164CE /* LaunchScreen.storyboard in Resources */,
				8E6D582B1FE5C7B2002164CE /* Assets.xcassets in Resources */,
				8E6D58291FE5C7B2002164CE /* Main.storyboard in Resources */,
			);
			runOnlyForDeploymentPostprocessing = 0;
		};
/* End PBXResourcesBuildPhase section */

/* Begin PBXSourcesBuildPhase section */
		8E6D581C1FE5C7B2002164CE /* Sources */ = {
			isa = PBXSourcesBuildPhase;
			buildActionMask = 2147483647;
			files = (
				8E6D58261FE5C7B2002164CE /* ViewController.swift in Sources */,
				8E6D58241FE5C7B2002164CE /* AppDelegate.swift in Sources */,
			);
			runOnlyForDeploymentPostprocessing = 0;
		};
/* End PBXSourcesBuildPhase section */

/* Begin PBXVariantGroup section */
		8E6D58271FE5C7B2002164CE /* Main.storyboard */ = {
			isa = PBXVariantGroup;
			children = (
				8E6D58281FE5C7B2002164CE /* Base */,
			);
			name = Main.storyboard;
			sourceTree = "<group>";
		};
		8E6D582C1FE5C7B2002164CE /* LaunchScreen.storyboard */ = {
			isa = PBXVariantGroup;
			children = (
				8E6D582D1FE5C7B2002164CE /* Base */,
			);
			name = LaunchScreen.storyboard;
			sourceTree = "<group>";
		};
/* End PBXVariantGroup section */

/* Begin XCBuildConfiguration section */
		8E6D58301FE5C7B2002164CE /* Debug */ = {
			isa = XCBuildConfiguration;
			buildSettings = {
				ALWAYS_SEARCH_USER_PATHS = NO;
				CLANG_ANALYZER_NONNULL = YES;
				CLANG_CXX_LANGUAGE_STANDARD = "gnu++0x";
				CLANG_CXX_LIBRARY = "libc++";
				CLANG_ENABLE_MODULES = YES;
				CLANG_ENABLE_OBJC_ARC = YES;
				CLANG_WARN_BOOL_CONVERSION = YES;
				CLANG_WARN_CONSTANT_CONVERSION = YES;
				CLANG_WARN_DIRECT_OBJC_ISA_USAGE = YES_ERROR;
				CLANG_WARN_DOCUMENTATION_COMMENTS = YES;
				CLANG_WARN_EMPTY_BODY = YES;
				CLANG_WARN_ENUM_CONVERSION = YES;
				CLANG_WARN_INFINITE_RECURSION = YES;
				CLANG_WARN_INT_CONVERSION = YES;
				CLANG_WARN_OBJC_ROOT_CLASS = YES_ERROR;
				CLANG_WARN_SUSPICIOUS_MOVE = YES;
				CLANG_WARN_UNREACHABLE_CODE = YES;
				CLANG_WARN__DUPLICATE_METHOD_MATCH = YES;
				"CODE_SIGN_IDENTITY[sdk=iphoneos*]" = "iPhone Developer";
				COPY_PHASE_STRIP = NO;
				DEBUG_INFORMATION_FORMAT = dwarf;
				ENABLE_STRICT_OBJC_MSGSEND = YES;
				ENABLE_TESTABILITY = YES;
				GCC_C_LANGUAGE_STANDARD = gnu99;
				GCC_DYNAMIC_NO_PIC = NO;
				GCC_NO_COMMON_BLOCKS = YES;
				GCC_OPTIMIZATION_LEVEL = 0;
				GCC_PREPROCESSOR_DEFINITIONS = (
					"DEBUG=1",
					"$(inherited)",
				);
				GCC_WARN_64_TO_32_BIT_CONVERSION = YES;
				GCC_WARN_ABOUT_RETURN_TYPE = YES_ERROR;
				GCC_WARN_UNDECLARED_SELECTOR = YES;
				GCC_WARN_UNINITIALIZED_AUTOS = YES_AGGRESSIVE;
				GCC_WARN_UNUSED_FUNCTION = YES;
				GCC_WARN_UNUSED_VARIABLE = YES;
				IPHONEOS_DEPLOYMENT_TARGET = 10.2;
				MTL_ENABLE_DEBUG_INFO = YES;
				ONLY_ACTIVE_ARCH = YES;
				SDKROOT = iphoneos;
				SWIFT_ACTIVE_COMPILATION_CONDITIONS = DEBUG;
				SWIFT_OPTIMIZATION_LEVEL = "-Onone";
				TARGETED_DEVICE_FAMILY = "1,2";
			};
			name = Debug;
		};
		8E6D58311FE5C7B2002164CE /* Release */ = {
			isa = XCBuildConfiguration;
			buildSettings = {
				ALWAYS_SEARCH_USER_PATHS = NO;
				CLANG_ANALYZER_NONNULL = YES;
				CLANG_CXX_LANGUAGE_STANDARD = "gnu++0x";
				CLANG_CXX_LIBRARY = "libc++";
				CLANG_ENABLE_MODULES = YES;
				CLANG_ENABLE_OBJC_ARC = YES;
				CLANG_WARN_BOOL_CONVERSION = YES;
				CLANG_WARN_CONSTANT_CONVERSION = YES;
				CLANG_WARN_DIRECT_OBJC_ISA_USAGE = YES_ERROR;
				CLANG_WARN_DOCUMENTATION_COMMENTS = YES;
				CLANG_WARN_EMPTY_BODY = YES;
				CLANG_WARN_ENUM_CONVERSION = YES;
				CLANG_WARN_INFINITE_RECURSION = YES;
				CLANG_WARN_INT_CONVERSION = YES;
				CLANG_WARN_OBJC_ROOT_CLASS = YES_ERROR;
				CLANG_WARN_SUSPICIOUS_MOVE = YES;
				CLANG_WARN_UNREACHABLE_CODE = YES;
				CLANG_WARN__DUPLICATE_METHOD_MATCH = YES;
				"CODE_SIGN_IDENTITY[sdk=iphoneos*]" = "iPhone Developer";
				COPY_PHASE_STRIP = NO;
				DEBUG_INFORMATION_FORMAT = "dwarf-with-dsym";
				ENABLE_NS_ASSERTIONS = NO;
				ENABLE_STRICT_OBJC_MSGSEND = YES;
				GCC_C_LANGUAGE_STANDARD = gnu99;
				GCC_NO_COMMON_BLOCKS = YES;
				GCC_WARN_64_TO_32_BIT_CONVERSION = YES;
				GCC_WARN_ABOUT_RETURN_TYPE = YES_ERROR;
				GCC_WARN_UNDECLARED_SELECTOR = YES;
				GCC_WARN_UNINITIALIZED_AUTOS = YES_AGGRESSIVE;
				GCC_WARN_UNUSED_FUNCTION = YES;
				GCC_WARN_UNUSED_VARIABLE = YES;
				IPHONEOS_DEPLOYMENT_TARGET = 10.2;
				MTL_ENABLE_DEBUG_INFO = NO;
				SDKROOT = iphoneos;
				SWIFT_OPTIMIZATION_LEVEL = "-Owholemodule";
				TARGETED_DEVICE_FAMILY = "1,2";
				VALIDATE_PRODUCT = YES;
			};
			name = Release;
		};
		8E6D58331FE5C7B2002164CE /* Debug */ = {
			isa = XCBuildConfiguration;
			buildSettings = {
				ASSETCATALOG_COMPILER_APPICON_NAME = AppIcon;
				INFOPLIST_FILE = "ams-shoutbox/Info.plist";
				LD_RUNPATH_SEARCH_PATHS = "$(inherited) @executable_path/Frameworks";
				PRODUCT_BUNDLE_IDENTIFIER = "student.ams-shoutbox";
				PRODUCT_NAME = "$(TARGET_NAME)";
				SWIFT_VERSION = 3.0;
			};
			name = Debug;
		};
		8E6D58341FE5C7B2002164CE /* Release */ = {
			isa = XCBuildConfiguration;
			buildSettings = {
				ASSETCATALOG_COMPILER_APPICON_NAME = AppIcon;
				INFOPLIST_FILE = "ams-shoutbox/Info.plist";
				LD_RUNPATH_SEARCH_PATHS = "$(inherited) @executable_path/Frameworks";
				PRODUCT_BUNDLE_IDENTIFIER = "student.ams-shoutbox";
				PRODUCT_NAME = "$(TARGET_NAME)";
				SWIFT_VERSION = 3.0;
			};
			name = Release;
		};
/* End XCBuildConfiguration section */

/* Begin XCConfigurationList section */
		8E6D581B1FE5C7B2002164CE /* Build configuration list for PBXProject "ams-shoutbox" */ = {
			isa = XCConfigurationList;
			buildConfigurations = (
				8E6D58301FE5C7B2002164CE /* Debug */,
				8E6D58311FE5C7B2002164CE /* Release */,
			);
			defaultConfigurationIsVisible = 0;
			defaultConfigurationName = Release;
		};
		8E6D58321FE5C7B2002164CE /* Build configuration list for PBXNativeTarget "ams-shoutbox" */ = {
			isa = XCConfigurationList;
			buildConfigurations = (
				8E6D58331FE5C7B2002164CE /* Debug */,
				8E6D58341FE5C7B2002164CE /* Release */,
			);
			defaultConfigurationIsVisible = 0;
		};
/* End XCConfigurationList section */
	};
	rootObject = 8E6D58181FE5C7B2002164CE /* Project object */;
}
